
Microsoft Visual Studio Solution File, Format Version 12.00
# Visual Studio Version 16
VisualStudioVersion = 16.0.32228.343
MinimumVisualStudioVersion = 10.0.40219.1
Project("{9A19103F-16F7-4668-BE54-9A1E7A4F7556}") = "RealWord.Web", "RealWord.Web\RealWord.Web.csproj", "{60BECE01-6E50-4298-BA06-5DD051285A1E}"
EndProject
Project("{9A19103F-16F7-4668-BE54-9A1E7A4F7556}") = "RealWord.Db", "RealWord.Db\RealWord.Db.csproj", "{074792BC-6370-4304-9876-977022F9DCAC}"
EndProject
Project("{FAE04EC0-301F-11D3-BF4B-00C04F79EFBC}") = "RealWord.Core", "RealWord.Core\RealWord.Core.csproj", "{BD5D7162-FF59-4E36-80E1-A7EB6E198D62}"
EndProject
Project("{FAE04EC0-301F-11D3-BF4B-00C04F79EFBC}") = "RealWord.Utils", "RealWord.Utils\RealWord.Utils.csproj", "{9EF3662D-E5CC-4905-9FA1-A3A8A00504B9}"
EndProject
Global
	GlobalSection(SolutionConfigurationPlatforms) = preSolution
		Debug|Any CPU = Debug|Any CPU
		Release|Any CPU = Release|Any CPU
	EndGlobalSection
	GlobalSection(ProjectConfigurationPlatforms) = postSolution
		{60BECE01-6E50-4298-BA06-5DD051285A1E}.Debug|Any CPU.ActiveCfg = Debug|Any CPU
		{60BECE01-6E50-4298-BA06-5DD051285A1E}.Debug|Any CPU.Build.0 = Debug|Any CPU
		{60BECE01-6E50-4298-BA06-5DD051285A1E}.Release|Any CPU.ActiveCfg = Release|Any CPU
		{60BECE01-6E50-4298-BA06-5DD051285A1E}.Release|Any CPU.Build.0 = Release|Any CPU
		{074792BC-6370-4304-9876-977022F9DCAC}.Debug|Any CPU.ActiveCfg = Debug|Any CPU
		{074792BC-6370-4304-9876-977022F9DCAC}.Debug|Any CPU.Build.0 = Debug|Any CPU
		{074792BC-6370-4304-9876-977022F9DCAC}.Release|Any CPU.ActiveCfg = Release|Any CPU
		{074792BC-6370-4304-9876-977022F9DCAC}.Release|Any CPU.Build.0 = Release|Any CPU
		{BD5D7162-FF59-4E36-80E1-A7EB6E198D62}.Debug|Any CPU.ActiveCfg = Debug|Any CPU
		{BD5D7162-FF59-4E36-80E1-A7EB6E198D62}.Debug|Any CPU.Build.0 = Debug|Any CPU
		{BD5D7162-FF59-4E36-80E1-A7EB6E198D62}.Release|Any CPU.ActiveCfg = Release|Any CPU
		{BD5D7162-FF59-4E36-80E1-A7EB6E198D62}.Release|Any CPU.Build.0 = Release|Any CPU
		{9EF3662D-E5CC-4905-9FA1-A3A8A00504B9}.Debug|Any CPU.ActiveCfg = Debug|Any CPU
		{9EF3662D-E5CC-4905-9FA1-A3A8A00504B9}.Debug|Any CPU.Build.0 = Debug|Any CPU
		{9EF3662D-E5CC-4905-9FA1-A3A8A00504B9}.Release|Any CPU.ActiveCfg = Release|Any CPU
		{9EF3662D-E5CC-4905-9FA1-A3A8A00504B9}.Release|Any CPU.Build.0 = Release|Any CPU
	EndGlobalSection
	GlobalSection(SolutionProperties) = preSolution
		HideSolutionNode = FALSE
	EndGlobalSection
	GlobalSection(ExtensibilityGlobals) = postSolution
		SolutionGuid = {3720B69C-E8FE-4C51-A816-1E9369DCBA54}
	EndGlobalSection
EndGlobal
